
Microsoft Visual Studio Solution File, Format Version 12.00
# Visual Studio Version 17
VisualStudioVersion = 17.7.34003.232
MinimumVisualStudioVersion = 10.0.40219.1
Project("{FAE04EC0-301F-11D3-BF4B-00C04F79EFBC}") = "robotos", "robotos\robotos.csproj", "{FE860FE0-3F5E-47DD-931F-A4A5D4696D0F}"
EndProject
Global
	GlobalSection(SolutionConfigurationPlatforms) = preSolution
		Debug|Any CPU = Debug|Any CPU
		Release|Any CPU = Release|Any CPU
	EndGlobalSection
	GlobalSection(ProjectConfigurationPlatforms) = postSolution
		{FE860FE0-3F5E-47DD-931F-A4A5D4696D0F}.Debug|Any CPU.ActiveCfg = Debug|Any CPU
		{FE860FE0-3F5E-47DD-931F-A4A5D4696D0F}.Debug|Any CPU.Build.0 = Debug|Any CPU
		{FE860FE0-3F5E-47DD-931F-A4A5D4696D0F}.Release|Any CPU.ActiveCfg = Release|Any CPU
		{FE860FE0-3F5E-47DD-931F-A4A5D4696D0F}.Release|Any CPU.Build.0 = Release|Any CPU
	EndGlobalSection
	GlobalSection(SolutionProperties) = preSolution
		HideSolutionNode = FALSE
	EndGlobalSection
	GlobalSection(ExtensibilityGlobals) = postSolution
		SolutionGuid = {1198D780-36CF-4C72-A71E-688C51A1C87D}
	EndGlobalSection
EndGlobal
