
Microsoft Visual Studio Solution File, Format Version 12.00
# Visual Studio Version 17
VisualStudioVersion = 17.7.34003.232
MinimumVisualStudioVersion = 10.0.40219.1
Project("{FAE04EC0-301F-11D3-BF4B-00C04F79EFBC}") = "autok2", "autok2\autok2.csproj", "{6139A64C-7358-4AE4-A3FB-506B0F99375E}"
EndProject
Global
	GlobalSection(SolutionConfigurationPlatforms) = preSolution
		Debug|Any CPU = Debug|Any CPU
		Release|Any CPU = Release|Any CPU
	EndGlobalSection
	GlobalSection(ProjectConfigurationPlatforms) = postSolution
		{6139A64C-7358-4AE4-A3FB-506B0F99375E}.Debug|Any CPU.ActiveCfg = Debug|Any CPU
		{6139A64C-7358-4AE4-A3FB-506B0F99375E}.Debug|Any CPU.Build.0 = Debug|Any CPU
		{6139A64C-7358-4AE4-A3FB-506B0F99375E}.Release|Any CPU.ActiveCfg = Release|Any CPU
		{6139A64C-7358-4AE4-A3FB-506B0F99375E}.Release|Any CPU.Build.0 = Release|Any CPU
	EndGlobalSection
	GlobalSection(SolutionProperties) = preSolution
		HideSolutionNode = FALSE
	EndGlobalSection
	GlobalSection(ExtensibilityGlobals) = postSolution
		SolutionGuid = {AFCDF0C5-EF6F-4BAF-B02C-58BE6BD44F12}
	EndGlobalSection
EndGlobal
