
Microsoft Visual Studio Solution File, Format Version 12.00
# Visual Studio Version 17
VisualStudioVersion = 17.7.34003.232
MinimumVisualStudioVersion = 10.0.40219.1
Project("{FAE04EC0-301F-11D3-BF4B-00C04F79EFBC}") = "Film_info", "Film_info.csproj", "{89070D41-30EF-42AF-AA07-8032F1BF0795}"
EndProject
Global
	GlobalSection(SolutionConfigurationPlatforms) = preSolution
		Debug|Any CPU = Debug|Any CPU
		Release|Any CPU = Release|Any CPU
	EndGlobalSection
	GlobalSection(ProjectConfigurationPlatforms) = postSolution
		{89070D41-30EF-42AF-AA07-8032F1BF0795}.Debug|Any CPU.ActiveCfg = Debug|Any CPU
		{89070D41-30EF-42AF-AA07-8032F1BF0795}.Debug|Any CPU.Build.0 = Debug|Any CPU
		{89070D41-30EF-42AF-AA07-8032F1BF0795}.Release|Any CPU.ActiveCfg = Release|Any CPU
		{89070D41-30EF-42AF-AA07-8032F1BF0795}.Release|Any CPU.Build.0 = Release|Any CPU
	EndGlobalSection
	GlobalSection(SolutionProperties) = preSolution
		HideSolutionNode = FALSE
	EndGlobalSection
	GlobalSection(ExtensibilityGlobals) = postSolution
		SolutionGuid = {5464D7D1-1277-40E6-A688-1F11D4D85664}
	EndGlobalSection
EndGlobal
